{
  "name": "js-kernel",
  "version": "1.0.0",
  "lockfileVersion": 2,
  "requires": true,
  "packages": {
    "": {
      "version": "1.0.0",
      "dependencies": {
        "js-core": "file:../js-core"
      }
    },
    "../../js-core": {
      "version": "1.0.0",
      "extraneous": true
    },
    "../js-core": {
      "version": "1.0.0"
    },
    "node_modules/js-core": {
      "resolved": "../js-core",
      "link": true
    }
  },
  "dependencies": {
    "js-core": {
      "version": "file:../js-core"
    }
  }
}
